{
  "version": 4,
  "terraform_version": "1.6.4",
  "serial": 58,
  "lineage": "0c03a5da-696f-25cd-dd3b-4338447cc392",
  "outputs": {},
  "resources": [
    {
      "mode": "managed",
      "type": "aws_vpc",
      "name": "main1",
      "provider": "provider[\"registry.terraform.io/hashicorp/aws\"]",
      "instances": [
        {
          "schema_version": 1,
          "attributes": {
            "arn": "arn:aws:ec2:us-west-2:699013517886:vpc/vpc-0abe791641248937d",
            "assign_generated_ipv6_cidr_block": false,
            "cidr_block": "192.168.0.0/16",
            "default_network_acl_id": "acl-01b120f26692f68a7",
            "default_route_table_id": "rtb-079ad1f8976fd019b",
            "default_security_group_id": "sg-0a85fc9f16c25f671",
            "dhcp_options_id": "dopt-0d653c25b2ab66f56",
            "enable_dns_hostnames": false,
            "enable_dns_support": true,
            "enable_network_address_usage_metrics": false,
            "id": "vpc-0abe791641248937d",
            "instance_tenancy": "default",
            "ipv4_ipam_pool_id": null,
            "ipv4_netmask_length": null,
            "ipv6_association_id": "",
            "ipv6_cidr_block": "",
            "ipv6_cidr_block_network_border_group": "",
            "ipv6_ipam_pool_id": "",
            "ipv6_netmask_length": 0,
            "main_route_table_id": "rtb-079ad1f8976fd019b",
            "owner_id": "699013517886",
            "tags": {
              "name": "vpc2"
            },
            "tags_all": {
              "name": "vpc2"
            }
          },
          "sensitive_attributes": [],
          "private": "eyJzY2hlbWFfdmVyc2lvbiI6IjEifQ=="
        }
      ]
    }
  ],
  "check_results": null
}
